
Microsoft Visual Studio Solution File, Format Version 12.00
# Visual Studio Version 17
VisualStudioVersion = 17.3.32929.385
MinimumVisualStudioVersion = 10.0.40219.1
Project("{FAE04EC0-301F-11D3-BF4B-00C04F79EFBC}") = "progect 1", "progect 1\progect 1.csproj", "{A72517E2-8016-48FA-8CE5-925116089DE3}"
EndProject
Global
	GlobalSection(SolutionConfigurationPlatforms) = preSolution
		Debug|Any CPU = Debug|Any CPU
		Release|Any CPU = Release|Any CPU
	EndGlobalSection
	GlobalSection(ProjectConfigurationPlatforms) = postSolution
		{A72517E2-8016-48FA-8CE5-925116089DE3}.Debug|Any CPU.ActiveCfg = Debug|Any CPU
		{A72517E2-8016-48FA-8CE5-925116089DE3}.Debug|Any CPU.Build.0 = Debug|Any CPU
		{A72517E2-8016-48FA-8CE5-925116089DE3}.Release|Any CPU.ActiveCfg = Release|Any CPU
		{A72517E2-8016-48FA-8CE5-925116089DE3}.Release|Any CPU.Build.0 = Release|Any CPU
	EndGlobalSection
	GlobalSection(SolutionProperties) = preSolution
		HideSolutionNode = FALSE
	EndGlobalSection
	GlobalSection(ExtensibilityGlobals) = postSolution
		SolutionGuid = {60EEEDFF-73F4-42CC-8F27-CE0BDD7E7874}
	EndGlobalSection
EndGlobal
